
Microsoft Visual Studio Solution File, Format Version 12.00
# Visual Studio Version 17
VisualStudioVersion = 17.11.35312.102
MinimumVisualStudioVersion = 10.0.40219.1
Project("{9A19103F-16F7-4668-BE54-9A1E7A4F7556}") = "DesignPatterns", "DesignPatterns.csproj", "{CC916F76-A547-4BC8-BA06-E78A37B61461}"
EndProject
Project("{2150E333-8FDC-42A3-9474-1A3956D46DE8}") = "DesignPattenrsProjects", "DesignPattenrsProjects", "{A1E5BAC7-DDC6-40B6-BF8C-9410D27CE0FC}"
EndProject
Project("{9A19103F-16F7-4668-BE54-9A1E7A4F7556}") = "SOLID", "..\SOLID\SOLID.csproj", "{209A3494-0FCB-41AC-BBE7-DA2D914D3F97}"
EndProject
Project("{9A19103F-16F7-4668-BE54-9A1E7A4F7556}") = "ToDoApp", "..\Misc\ToDoApp\ToDoApp.csproj", "{14B3BFDA-561E-4003-BD05-73E7A778565F}"
EndProject
Project("{9A19103F-16F7-4668-BE54-9A1E7A4F7556}") = "RemoteControlSimulator", "..\Misc\RemoteControlSimulator\RemoteControlSimulator.csproj", "{28B38536-3014-442D-ADE0-8C7A9490DD23}"
EndProject
Project("{9A19103F-16F7-4668-BE54-9A1E7A4F7556}") = "DependencyInjection", "..\DependencyInjection\DependencyInjection.csproj", "{E9E22CD5-6F15-423F-AC50-7ED3685243B7}"
EndProject
Global
	GlobalSection(SolutionConfigurationPlatforms) = preSolution
		Debug|Any CPU = Debug|Any CPU
		Release|Any CPU = Release|Any CPU
	EndGlobalSection
	GlobalSection(ProjectConfigurationPlatforms) = postSolution
		{CC916F76-A547-4BC8-BA06-E78A37B61461}.Debug|Any CPU.ActiveCfg = Debug|Any CPU
		{CC916F76-A547-4BC8-BA06-E78A37B61461}.Debug|Any CPU.Build.0 = Debug|Any CPU
		{CC916F76-A547-4BC8-BA06-E78A37B61461}.Release|Any CPU.ActiveCfg = Release|Any CPU
		{CC916F76-A547-4BC8-BA06-E78A37B61461}.Release|Any CPU.Build.0 = Release|Any CPU
		{209A3494-0FCB-41AC-BBE7-DA2D914D3F97}.Debug|Any CPU.ActiveCfg = Debug|Any CPU
		{209A3494-0FCB-41AC-BBE7-DA2D914D3F97}.Debug|Any CPU.Build.0 = Debug|Any CPU
		{209A3494-0FCB-41AC-BBE7-DA2D914D3F97}.Release|Any CPU.ActiveCfg = Release|Any CPU
		{209A3494-0FCB-41AC-BBE7-DA2D914D3F97}.Release|Any CPU.Build.0 = Release|Any CPU
		{14B3BFDA-561E-4003-BD05-73E7A778565F}.Debug|Any CPU.ActiveCfg = Debug|Any CPU
		{14B3BFDA-561E-4003-BD05-73E7A778565F}.Debug|Any CPU.Build.0 = Debug|Any CPU
		{14B3BFDA-561E-4003-BD05-73E7A778565F}.Release|Any CPU.ActiveCfg = Release|Any CPU
		{14B3BFDA-561E-4003-BD05-73E7A778565F}.Release|Any CPU.Build.0 = Release|Any CPU
		{28B38536-3014-442D-ADE0-8C7A9490DD23}.Debug|Any CPU.ActiveCfg = Debug|Any CPU
		{28B38536-3014-442D-ADE0-8C7A9490DD23}.Debug|Any CPU.Build.0 = Debug|Any CPU
		{28B38536-3014-442D-ADE0-8C7A9490DD23}.Release|Any CPU.ActiveCfg = Release|Any CPU
		{28B38536-3014-442D-ADE0-8C7A9490DD23}.Release|Any CPU.Build.0 = Release|Any CPU
		{E9E22CD5-6F15-423F-AC50-7ED3685243B7}.Debug|Any CPU.ActiveCfg = Debug|Any CPU
		{E9E22CD5-6F15-423F-AC50-7ED3685243B7}.Debug|Any CPU.Build.0 = Debug|Any CPU
		{E9E22CD5-6F15-423F-AC50-7ED3685243B7}.Release|Any CPU.ActiveCfg = Release|Any CPU
		{E9E22CD5-6F15-423F-AC50-7ED3685243B7}.Release|Any CPU.Build.0 = Release|Any CPU
	EndGlobalSection
	GlobalSection(SolutionProperties) = preSolution
		HideSolutionNode = FALSE
	EndGlobalSection
	GlobalSection(NestedProjects) = preSolution
		{14B3BFDA-561E-4003-BD05-73E7A778565F} = {A1E5BAC7-DDC6-40B6-BF8C-9410D27CE0FC}
		{28B38536-3014-442D-ADE0-8C7A9490DD23} = {A1E5BAC7-DDC6-40B6-BF8C-9410D27CE0FC}
	EndGlobalSection
	GlobalSection(ExtensibilityGlobals) = postSolution
		SolutionGuid = {D8BE2D0F-0E35-4EDF-AE9D-CAAB8E2AE117}
	EndGlobalSection
EndGlobal
